// !$*UTF8*$!
{
	archiveVersion = 1;
	classes = {
	};
	objectVersion = 46;
	objects = {

/* Begin PBXBuildFile section */
		35CEBB6D1B37CF44003AEE71 /* AppDelegate.swift in Sources */ = {isa = PBXBuildFile; fileRef = 35CEBB6C1B37CF44003AEE71 /* AppDelegate.swift */; };
		35CEBB6F1B37CF44003AEE71 /* ViewController.swift in Sources */ = {isa = PBXBuildFile; fileRef = 35CEBB6E1B37CF44003AEE71 /* ViewController.swift */; };
		35CEBB741B37CF44003AEE71 /* Assets.xcassets in Resources */ = {isa = PBXBuildFile; fileRef = 35CEBB731B37CF44003AEE71 /* Assets.xcassets */; };
		35CEBB801B37D0A1003AEE71 /* Main.storyboard in Resources */ = {isa = PBXBuildFile; fileRef = 35CEBB7F1B37D0A1003AEE71 /* Main.storyboard */; };
/* End PBXBuildFile section */

/* Begin PBXFileReference section */
		35CEBB691B37CF44003AEE71 /* hello.swift.SharedData.app */ = {isa = PBXFileReference; explicitFileType = wrapper.application; includeInIndex = 0; path = hello.swift.SharedData.app; sourceTree = BUILT_PRODUCTS_DIR; };
		35CEBB6C1B37CF44003AEE71 /* AppDelegate.swift */ = {isa = PBXFileReference; lastKnownFileType = sourcecode.swift; path = AppDelegate.swift; sourceTree = "<group>"; };
		35CEBB6E1B37CF44003AEE71 /* ViewController.swift */ = {isa = PBXFileReference; lastKnownFileType = sourcecode.swift; path = ViewController.swift; sourceTree = "<group>"; };
		35CEBB731B37CF44003AEE71 /* Assets.xcassets */ = {isa = PBXFileReference; lastKnownFileType = folder.assetcatalog; path = Assets.xcassets; sourceTree = "<group>"; };
		35CEBB781B37CF44003AEE71 /* Info.plist */ = {isa = PBXFileReference; lastKnownFileType = text.plist.xml; path = Info.plist; sourceTree = "<group>"; };
		35CEBB7E1B37D068003AEE71 /* README.md */ = {isa = PBXFileReference; lastKnownFileType = net.daringfireball.markdown; path = README.md; sourceTree = "<group>"; };
		35CEBB7F1B37D0A1003AEE71 /* Main.storyboard */ = {isa = PBXFileReference; fileEncoding = 4; lastKnownFileType = file.storyboard; path = Main.storyboard; sourceTree = "<group>"; };
/* End PBXFileReference section */

/* Begin PBXFrameworksBuildPhase section */
		35CEBB661B37CF44003AEE71 /* Frameworks */ = {
			isa = PBXFrameworksBuildPhase;
			buildActionMask = 2147483647;
			files = (
			);
			runOnlyForDeploymentPostprocessing = 0;
		};
/* End PBXFrameworksBuildPhase section */

/* Begin PBXGroup section */
		35CEBB601B37CF44003AEE71 = {
			isa = PBXGroup;
			children = (
				35CEBB7E1B37D068003AEE71 /* README.md */,
				35CEBB6B1B37CF44003AEE71 /* hello.swift.SharedData */,
				35CEBB6A1B37CF44003AEE71 /* Products */,
			);
			sourceTree = "<group>";
		};
		35CEBB6A1B37CF44003AEE71 /* Products */ = {
			isa = PBXGroup;
			children = (
				35CEBB691B37CF44003AEE71 /* hello.swift.SharedData.app */,
			);
			name = Products;
			sourceTree = "<group>";
		};
		35CEBB6B1B37CF44003AEE71 /* hello.swift.SharedData */ = {
			isa = PBXGroup;
			children = (
				35CEBB6C1B37CF44003AEE71 /* AppDelegate.swift */,
				35CEBB6E1B37CF44003AEE71 /* ViewController.swift */,
				35CEBB7F1B37D0A1003AEE71 /* Main.storyboard */,
				35CEBB731B37CF44003AEE71 /* Assets.xcassets */,
				35CEBB781B37CF44003AEE71 /* Info.plist */,
			);
			path = hello.swift.SharedData;
			sourceTree = "<group>";
		};
/* End PBXGroup section */

/* Begin PBXNativeTarget section */
		35CEBB681B37CF44003AEE71 /* hello.swift.SharedData */ = {
			isa = PBXNativeTarget;
			buildConfigurationList = 35CEBB7B1B37CF44003AEE71 /* Build configuration list for PBXNativeTarget "hello.swift.SharedData" */;
			buildPhases = (
				35CEBB651B37CF44003AEE71 /* Sources */,
				35CEBB661B37CF44003AEE71 /* Frameworks */,
				35CEBB671B37CF44003AEE71 /* Resources */,
			);
			buildRules = (
			);
			dependencies = (
			);
			name = hello.swift.SharedData;
			productName = hello.swift.SharedData;
			productReference = 35CEBB691B37CF44003AEE71 /* hello.swift.SharedData.app */;
			productType = "com.apple.product-type.application";
		};
/* End PBXNativeTarget section */

/* Begin PBXProject section */
		35CEBB611B37CF44003AEE71 /* Project object */ = {
			isa = PBXProject;
			attributes = {
				LastUpgradeCheck = 0700;
				ORGANIZATIONNAME = "Naohiro OHTA";
				TargetAttributes = {
					35CEBB681B37CF44003AEE71 = {
						CreatedOnToolsVersion = 7.0;
					};
				};
			};
			buildConfigurationList = 35CEBB641B37CF44003AEE71 /* Build configuration list for PBXProject "hello.swift.SharedData" */;
			compatibilityVersion = "Xcode 3.2";
			developmentRegion = English;
			hasScannedForEncodings = 0;
			knownRegions = (
				en,
				Base,
			);
			mainGroup = 35CEBB601B37CF44003AEE71;
			productRefGroup = 35CEBB6A1B37CF44003AEE71 /* Products */;
			projectDirPath = "";
			projectRoot = "";
			targets = (
				35CEBB681B37CF44003AEE71 /* hello.swift.SharedData */,
			);
		};
/* End PBXProject section */

/* Begin PBXResourcesBuildPhase section */
		35CEBB671B37CF44003AEE71 /* Resources */ = {
			isa = PBXResourcesBuildPhase;
			buildActionMask = 2147483647;
			files = (
				35CEBB801B37D0A1003AEE71 /* Main.storyboard in Resources */,
				35CEBB741B37CF44003AEE71 /* Assets.xcassets in Resources */,
			);
			runOnlyForDeploymentPostprocessing = 0;
		};
/* End PBXResourcesBuildPhase section */

/* Begin PBXSourcesBuildPhase section */
		35CEBB651B37CF44003AEE71 /* Sources */ = {
			isa = PBXSourcesBuildPhase;
			buildActionMask = 2147483647;
			files = (
				35CEBB6F1B37CF44003AEE71 /* ViewController.swift in Sources */,
				35CEBB6D1B37CF44003AEE71 /* AppDelegate.swift in Sources */,
			);
			runOnlyForDeploymentPostprocessing = 0;
		};
/* End PBXSourcesBuildPhase section */

/* Begin XCBuildConfiguration section */
		35CEBB791B37CF44003AEE71 /* Debug */ = {
			isa = XCBuildConfiguration;
			buildSettings = {
				ALWAYS_SEARCH_USER_PATHS = NO;
				CLANG_CXX_LANGUAGE_STANDARD = "gnu++0x";
				CLANG_CXX_LIBRARY = "libc++";
				CLANG_ENABLE_MODULES = YES;
				CLANG_ENABLE_OBJC_ARC = YES;
				CLANG_WARN_BOOL_CONVERSION = YES;
				CLANG_WARN_CONSTANT_CONVERSION = YES;
				CLANG_WARN_DIRECT_OBJC_ISA_USAGE = YES_ERROR;
				CLANG_WARN_EMPTY_BODY = YES;
				CLANG_WARN_ENUM_CONVERSION = YES;
				CLANG_WARN_INT_CONVERSION = YES;
				CLANG_WARN_OBJC_ROOT_CLASS = YES_ERROR;
				CLANG_WARN_UNREACHABLE_CODE = YES;
				CLANG_WARN__DUPLICATE_METHOD_MATCH = YES;
				"CODE_SIGN_IDENTITY[sdk=iphoneos*]" = "iPhone Developer";
				COPY_PHASE_STRIP = NO;
				DEBUG_INFORMATION_FORMAT = dwarf;
				ENABLE_STRICT_OBJC_MSGSEND = YES;
				ENABLE_TESTABILITY = YES;
				GCC_C_LANGUAGE_STANDARD = gnu99;
				GCC_DYNAMIC_NO_PIC = NO;
				GCC_NO_COMMON_BLOCKS = YES;
				GCC_OPTIMIZATION_LEVEL = 0;
				GCC_PREPROCESSOR_DEFINITIONS = (
					"DEBUG=1",
					"$(inherited)",
				);
				GCC_WARN_64_TO_32_BIT_CONVERSION = YES;
				GCC_WARN_ABOUT_RETURN_TYPE = YES_ERROR;
				GCC_WARN_UNDECLARED_SELECTOR = YES;
				GCC_WARN_UNINITIALIZED_AUTOS = YES_AGGRESSIVE;
				GCC_WARN_UNUSED_FUNCTION = YES;
				GCC_WARN_UNUSED_VARIABLE = YES;
				IPHONEOS_DEPLOYMENT_TARGET = 9.0;
				MTL_ENABLE_DEBUG_INFO = YES;
				ONLY_ACTIVE_ARCH = YES;
				SDKROOT = iphoneos;
				SWIFT_OPTIMIZATION_LEVEL = "-Onone";
				TARGETED_DEVICE_FAMILY = "1,2";
			};
			name = Debug;
		};
		35CEBB7A1B37CF44003AEE71 /* Release */ = {
			isa = XCBuildConfiguration;
			buildSettings = {
				ALWAYS_SEARCH_USER_PATHS = NO;
				CLANG_CXX_LANGUAGE_STANDARD = "gnu++0x";
				CLANG_CXX_LIBRARY = "libc++";
				CLANG_ENABLE_MODULES = YES;
				CLANG_ENABLE_OBJC_ARC = YES;
				CLANG_WARN_BOOL_CONVERSION = YES;
				CLANG_WARN_CONSTANT_CONVERSION = YES;
				CLANG_WARN_DIRECT_OBJC_ISA_USAGE = YES_ERROR;
				CLANG_WARN_EMPTY_BODY = YES;
				CLANG_WARN_ENUM_CONVERSION = YES;
				CLANG_WARN_INT_CONVERSION = YES;
				CLANG_WARN_OBJC_ROOT_CLASS = YES_ERROR;
				CLANG_WARN_UNREACHABLE_CODE = YES;
				CLANG_WARN__DUPLICATE_METHOD_MATCH = YES;
				"CODE_SIGN_IDENTITY[sdk=iphoneos*]" = "iPhone Developer";
				COPY_PHASE_STRIP = NO;
				DEBUG_INFORMATION_FORMAT = "dwarf-with-dsym";
				ENABLE_NS_ASSERTIONS = NO;
				ENABLE_STRICT_OBJC_MSGSEND = YES;
				GCC_C_LANGUAGE_STANDARD = gnu99;
				GCC_NO_COMMON_BLOCKS = YES;
				GCC_WARN_64_TO_32_BIT_CONVERSION = YES;
				GCC_WARN_ABOUT_RETURN_TYPE = YES_ERROR;
				GCC_WARN_UNDECLARED_SELECTOR = YES;
				GCC_WARN_UNINITIALIZED_AUTOS = YES_AGGRESSIVE;
				GCC_WARN_UNUSED_FUNCTION = YES;
				GCC_WARN_UNUSED_VARIABLE = YES;
				IPHONEOS_DEPLOYMENT_TARGET = 9.0;
				MTL_ENABLE_DEBUG_INFO = NO;
				SDKROOT = iphoneos;
				TARGETED_DEVICE_FAMILY = "1,2";
				VALIDATE_PRODUCT = YES;
			};
			name = Release;
		};
		35CEBB7C1B37CF44003AEE71 /* Debug */ = {
			isa = XCBuildConfiguration;
			buildSettings = {
				ASSETCATALOG_COMPILER_APPICON_NAME = AppIcon;
				INFOPLIST_FILE = hello.swift.SharedData/Info.plist;
				LD_RUNPATH_SEARCH_PATHS = "$(inherited) @executable_path/Frameworks";
				PRODUCT_BUNDLE_IDENTIFIER = "com.naohta.hello-swift-SharedData";
				PRODUCT_NAME = "$(TARGET_NAME)";
			};
			name = Debug;
		};
		35CEBB7D1B37CF44003AEE71 /* Release */ = {
			isa = XCBuildConfiguration;
			buildSettings = {
				ASSETCATALOG_COMPILER_APPICON_NAME = AppIcon;
				INFOPLIST_FILE = hello.swift.SharedData/Info.plist;
				LD_RUNPATH_SEARCH_PATHS = "$(inherited) @executable_path/Frameworks";
				PRODUCT_BUNDLE_IDENTIFIER = "com.naohta.hello-swift-SharedData";
				PRODUCT_NAME = "$(TARGET_NAME)";
			};
			name = Release;
		};
/* End XCBuildConfiguration section */

/* Begin XCConfigurationList section */
		35CEBB641B37CF44003AEE71 /* Build configuration list for PBXProject "hello.swift.SharedData" */ = {
			isa = XCConfigurationList;
			buildConfigurations = (
				35CEBB791B37CF44003AEE71 /* Debug */,
				35CEBB7A1B37CF44003AEE71 /* Release */,
			);
			defaultConfigurationIsVisible = 0;
			defaultConfigurationName = Release;
		};
		35CEBB7B1B37CF44003AEE71 /* Build configuration list for PBXNativeTarget "hello.swift.SharedData" */ = {
			isa = XCConfigurationList;
			buildConfigurations = (
				35CEBB7C1B37CF44003AEE71 /* Debug */,
				35CEBB7D1B37CF44003AEE71 /* Release */,
			);
			defaultConfigurationIsVisible = 0;
			defaultConfigurationName = Release;
		};
/* End XCConfigurationList section */
	};
	rootObject = 35CEBB611B37CF44003AEE71 /* Project object */;
}
